// !$*UTF8*$!
{
	archiveVersion = 1;
	classes = {
	};
	objectVersion = 46;
	objects = {

/* Begin PBXBuildFile section */
		9DBA4534195CC03600051BA9 /* AppDelegate.swift in Sources */ = {isa = PBXBuildFile; fileRef = 9DBA4533195CC03600051BA9 /* AppDelegate.swift */; };
		9DBA4536195CC03600051BA9 /* Images.xcassets in Resources */ = {isa = PBXBuildFile; fileRef = 9DBA4535195CC03600051BA9 /* Images.xcassets */; };
		9DBA4542195CC03700051BA9 /* BoardCastTests.swift in Sources */ = {isa = PBXBuildFile; fileRef = 9DBA4541195CC03700051BA9 /* BoardCastTests.swift */; };
		9DBA454C195CC07A00051BA9 /* MainViewController.swift in Sources */ = {isa = PBXBuildFile; fileRef = 9DBA454B195CC07A00051BA9 /* MainViewController.swift */; };
/* End PBXBuildFile section */

/* Begin PBXContainerItemProxy section */
		9DBA453C195CC03700051BA9 /* PBXContainerItemProxy */ = {
			isa = PBXContainerItemProxy;
			containerPortal = 9DBA4526195CC03600051BA9 /* Project object */;
			proxyType = 1;
			remoteGlobalIDString = 9DBA452D195CC03600051BA9;
			remoteInfo = BoardCast;
		};
/* End PBXContainerItemProxy section */

/* Begin PBXFileReference section */
		9DBA452E195CC03600051BA9 /* BoardCast.app */ = {isa = PBXFileReference; explicitFileType = wrapper.application; includeInIndex = 0; path = BoardCast.app; sourceTree = BUILT_PRODUCTS_DIR; };
		9DBA4532195CC03600051BA9 /* Info.plist */ = {isa = PBXFileReference; lastKnownFileType = text.plist.xml; path = Info.plist; sourceTree = "<group>"; };
		9DBA4533195CC03600051BA9 /* AppDelegate.swift */ = {isa = PBXFileReference; lastKnownFileType = sourcecode.swift; path = AppDelegate.swift; sourceTree = "<group>"; };
		9DBA4535195CC03600051BA9 /* Images.xcassets */ = {isa = PBXFileReference; lastKnownFileType = folder.assetcatalog; path = Images.xcassets; sourceTree = "<group>"; };
		9DBA453B195CC03700051BA9 /* BoardCastTests.xctest */ = {isa = PBXFileReference; explicitFileType = wrapper.cfbundle; includeInIndex = 0; path = BoardCastTests.xctest; sourceTree = BUILT_PRODUCTS_DIR; };
		9DBA4540195CC03700051BA9 /* Info.plist */ = {isa = PBXFileReference; lastKnownFileType = text.plist.xml; path = Info.plist; sourceTree = "<group>"; };
		9DBA4541195CC03700051BA9 /* BoardCastTests.swift */ = {isa = PBXFileReference; lastKnownFileType = sourcecode.swift; path = BoardCastTests.swift; sourceTree = "<group>"; };
		9DBA454B195CC07A00051BA9 /* MainViewController.swift */ = {isa = PBXFileReference; fileEncoding = 4; lastKnownFileType = sourcecode.swift; path = MainViewController.swift; sourceTree = "<group>"; };
/* End PBXFileReference section */

/* Begin PBXFrameworksBuildPhase section */
		9DBA452B195CC03600051BA9 /* Frameworks */ = {
			isa = PBXFrameworksBuildPhase;
			buildActionMask = 2147483647;
			files = (
			);
			runOnlyForDeploymentPostprocessing = 0;
		};
		9DBA4538195CC03700051BA9 /* Frameworks */ = {
			isa = PBXFrameworksBuildPhase;
			buildActionMask = 2147483647;
			files = (
			);
			runOnlyForDeploymentPostprocessing = 0;
		};
/* End PBXFrameworksBuildPhase section */

/* Begin PBXGroup section */
		9DBA4525195CC03600051BA9 = {
			isa = PBXGroup;
			children = (
				9DBA4530195CC03600051BA9 /* BoardCast */,
				9DBA453E195CC03700051BA9 /* BoardCastTests */,
				9DBA452F195CC03600051BA9 /* Products */,
			);
			sourceTree = "<group>";
		};
		9DBA452F195CC03600051BA9 /* Products */ = {
			isa = PBXGroup;
			children = (
				9DBA452E195CC03600051BA9 /* BoardCast.app */,
				9DBA453B195CC03700051BA9 /* BoardCastTests.xctest */,
			);
			name = Products;
			sourceTree = "<group>";
		};
		9DBA4530195CC03600051BA9 /* BoardCast */ = {
			isa = PBXGroup;
			children = (
				9DBA4533195CC03600051BA9 /* AppDelegate.swift */,
				9DBA454B195CC07A00051BA9 /* MainViewController.swift */,
				9DBA4535195CC03600051BA9 /* Images.xcassets */,
				9DBA4531195CC03600051BA9 /* Supporting Files */,
			);
			path = BoardCast;
			sourceTree = "<group>";
		};
		9DBA4531195CC03600051BA9 /* Supporting Files */ = {
			isa = PBXGroup;
			children = (
				9DBA4532195CC03600051BA9 /* Info.plist */,
			);
			name = "Supporting Files";
			sourceTree = "<group>";
		};
		9DBA453E195CC03700051BA9 /* BoardCastTests */ = {
			isa = PBXGroup;
			children = (
				9DBA4541195CC03700051BA9 /* BoardCastTests.swift */,
				9DBA453F195CC03700051BA9 /* Supporting Files */,
			);
			path = BoardCastTests;
			sourceTree = "<group>";
		};
		9DBA453F195CC03700051BA9 /* Supporting Files */ = {
			isa = PBXGroup;
			children = (
				9DBA4540195CC03700051BA9 /* Info.plist */,
			);
			name = "Supporting Files";
			sourceTree = "<group>";
		};
/* End PBXGroup section */

/* Begin PBXNativeTarget section */
		9DBA452D195CC03600051BA9 /* BoardCast */ = {
			isa = PBXNativeTarget;
			buildConfigurationList = 9DBA4545195CC03700051BA9 /* Build configuration list for PBXNativeTarget "BoardCast" */;
			buildPhases = (
				9DBA452A195CC03600051BA9 /* Sources */,
				9DBA452B195CC03600051BA9 /* Frameworks */,
				9DBA452C195CC03600051BA9 /* Resources */,
			);
			buildRules = (
			);
			dependencies = (
			);
			name = BoardCast;
			productName = BoardCast;
			productReference = 9DBA452E195CC03600051BA9 /* BoardCast.app */;
			productType = "com.apple.product-type.application";
		};
		9DBA453A195CC03700051BA9 /* BoardCastTests */ = {
			isa = PBXNativeTarget;
			buildConfigurationList = 9DBA4548195CC03700051BA9 /* Build configuration list for PBXNativeTarget "BoardCastTests" */;
			buildPhases = (
				9DBA4537195CC03700051BA9 /* Sources */,
				9DBA4538195CC03700051BA9 /* Frameworks */,
				9DBA4539195CC03700051BA9 /* Resources */,
			);
			buildRules = (
			);
			dependencies = (
				9DBA453D195CC03700051BA9 /* PBXTargetDependency */,
			);
			name = BoardCastTests;
			productName = BoardCastTests;
			productReference = 9DBA453B195CC03700051BA9 /* BoardCastTests.xctest */;
			productType = "com.apple.product-type.bundle.unit-test";
		};
/* End PBXNativeTarget section */

/* Begin PBXProject section */
		9DBA4526195CC03600051BA9 /* Project object */ = {
			isa = PBXProject;
			attributes = {
				LastUpgradeCheck = 0600;
				ORGANIZATIONNAME = "Tianyun Shan";
				TargetAttributes = {
					9DBA452D195CC03600051BA9 = {
						CreatedOnToolsVersion = 6.0;
						DevelopmentTeam = 2VZ58SSC7W;
					};
					9DBA453A195CC03700051BA9 = {
						CreatedOnToolsVersion = 6.0;
						TestTargetID = 9DBA452D195CC03600051BA9;
					};
				};
			};
			buildConfigurationList = 9DBA4529195CC03600051BA9 /* Build configuration list for PBXProject "BoardCast" */;
			compatibilityVersion = "Xcode 3.2";
			developmentRegion = English;
			hasScannedForEncodings = 0;
			knownRegions = (
				en,
			);
			mainGroup = 9DBA4525195CC03600051BA9;
			productRefGroup = 9DBA452F195CC03600051BA9 /* Products */;
			projectDirPath = "";
			projectRoot = "";
			targets = (
				9DBA452D195CC03600051BA9 /* BoardCast */,
				9DBA453A195CC03700051BA9 /* BoardCastTests */,
			);
		};
/* End PBXProject section */

/* Begin PBXResourcesBuildPhase section */
		9DBA452C195CC03600051BA9 /* Resources */ = {
			isa = PBXResourcesBuildPhase;
			buildActionMask = 2147483647;
			files = (
				9DBA4536195CC03600051BA9 /* Images.xcassets in Resources */,
			);
			runOnlyForDeploymentPostprocessing = 0;
		};
		9DBA4539195CC03700051BA9 /* Resources */ = {
			isa = PBXResourcesBuildPhase;
			buildActionMask = 2147483647;
			files = (
			);
			runOnlyForDeploymentPostprocessing = 0;
		};
/* End PBXResourcesBuildPhase section */

/* Begin PBXSourcesBuildPhase section */
		9DBA452A195CC03600051BA9 /* Sources */ = {
			isa = PBXSourcesBuildPhase;
			buildActionMask = 2147483647;
			files = (
				9DBA4534195CC03600051BA9 /* AppDelegate.swift in Sources */,
				9DBA454C195CC07A00051BA9 /* MainViewController.swift in Sources */,
			);
			runOnlyForDeploymentPostprocessing = 0;
		};
		9DBA4537195CC03700051BA9 /* Sources */ = {
			isa = PBXSourcesBuildPhase;
			buildActionMask = 2147483647;
			files = (
				9DBA4542195CC03700051BA9 /* BoardCastTests.swift in Sources */,
			);
			runOnlyForDeploymentPostprocessing = 0;
		};
/* End PBXSourcesBuildPhase section */

/* Begin PBXTargetDependency section */
		9DBA453D195CC03700051BA9 /* PBXTargetDependency */ = {
			isa = PBXTargetDependency;
			target = 9DBA452D195CC03600051BA9 /* BoardCast */;
			targetProxy = 9DBA453C195CC03700051BA9 /* PBXContainerItemProxy */;
		};
/* End PBXTargetDependency section */

/* Begin XCBuildConfiguration section */
		9DBA4543195CC03700051BA9 /* Debug */ = {
			isa = XCBuildConfiguration;
			buildSettings = {
				ALWAYS_SEARCH_USER_PATHS = NO;
				CLANG_CXX_LANGUAGE_STANDARD = "gnu++0x";
				CLANG_CXX_LIBRARY = "libc++";
				CLANG_ENABLE_MODULES = YES;
				CLANG_ENABLE_OBJC_ARC = YES;
				CLANG_WARN_BOOL_CONVERSION = YES;
				CLANG_WARN_CONSTANT_CONVERSION = YES;
				CLANG_WARN_DIRECT_OBJC_ISA_USAGE = YES_ERROR;
				CLANG_WARN_EMPTY_BODY = YES;
				CLANG_WARN_ENUM_CONVERSION = YES;
				CLANG_WARN_INT_CONVERSION = YES;
				CLANG_WARN_OBJC_ROOT_CLASS = YES_ERROR;
				CLANG_WARN_UNREACHABLE_CODE = YES;
				CLANG_WARN__DUPLICATE_METHOD_MATCH = YES;
				"CODE_SIGN_IDENTITY[sdk=iphoneos*]" = "iPhone Developer";
				COPY_PHASE_STRIP = NO;
				ENABLE_STRICT_OBJC_MSGSEND = YES;
				GCC_C_LANGUAGE_STANDARD = gnu99;
				GCC_DYNAMIC_NO_PIC = NO;
				GCC_OPTIMIZATION_LEVEL = 0;
				GCC_PREPROCESSOR_DEFINITIONS = (
					"DEBUG=1",
					"$(inherited)",
				);
				GCC_SYMBOLS_PRIVATE_EXTERN = NO;
				GCC_WARN_64_TO_32_BIT_CONVERSION = YES;
				GCC_WARN_ABOUT_RETURN_TYPE = YES_ERROR;
				GCC_WARN_UNDECLARED_SELECTOR = YES;
				GCC_WARN_UNINITIALIZED_AUTOS = YES_AGGRESSIVE;
				GCC_WARN_UNUSED_FUNCTION = YES;
				GCC_WARN_UNUSED_VARIABLE = YES;
				IPHONEOS_DEPLOYMENT_TARGET = 7.0;
				METAL_ENABLE_DEBUG_INFO = YES;
				ONLY_ACTIVE_ARCH = YES;
				SDKROOT = iphoneos;
				SWIFT_OPTIMIZATION_LEVEL = "-Onone";
				TARGETED_DEVICE_FAMILY = "1,2";
			};
			name = Debug;
		};
		9DBA4544195CC03700051BA9 /* Release */ = {
			isa = XCBuildConfiguration;
			buildSettings = {
				ALWAYS_SEARCH_USER_PATHS = NO;
				CLANG_CXX_LANGUAGE_STANDARD = "gnu++0x";
				CLANG_CXX_LIBRARY = "libc++";
				CLANG_ENABLE_MODULES = YES;
				CLANG_ENABLE_OBJC_ARC = YES;
				CLANG_WARN_BOOL_CONVERSION = YES;
				CLANG_WARN_CONSTANT_CONVERSION = YES;
				CLANG_WARN_DIRECT_OBJC_ISA_USAGE = YES_ERROR;
				CLANG_WARN_EMPTY_BODY = YES;
				CLANG_WARN_ENUM_CONVERSION = YES;
				CLANG_WARN_INT_CONVERSION = YES;
				CLANG_WARN_OBJC_ROOT_CLASS = YES_ERROR;
				CLANG_WARN_UNREACHABLE_CODE = YES;
				CLANG_WARN__DUPLICATE_METHOD_MATCH = YES;
				"CODE_SIGN_IDENTITY[sdk=iphoneos*]" = "iPhone Developer";
				COPY_PHASE_STRIP = YES;
				ENABLE_NS_ASSERTIONS = NO;
				ENABLE_STRICT_OBJC_MSGSEND = YES;
				GCC_C_LANGUAGE_STANDARD = gnu99;
				GCC_WARN_64_TO_32_BIT_CONVERSION = YES;
				GCC_WARN_ABOUT_RETURN_TYPE = YES_ERROR;
				GCC_WARN_UNDECLARED_SELECTOR = YES;
				GCC_WARN_UNINITIALIZED_AUTOS = YES_AGGRESSIVE;
				GCC_WARN_UNUSED_FUNCTION = YES;
				GCC_WARN_UNUSED_VARIABLE = YES;
				IPHONEOS_DEPLOYMENT_TARGET = 7.0;
				METAL_ENABLE_DEBUG_INFO = NO;
				SDKROOT = iphoneos;
				TARGETED_DEVICE_FAMILY = "1,2";
				VALIDATE_PRODUCT = YES;
			};
			name = Release;
		};
		9DBA4546195CC03700051BA9 /* Debug */ = {
			isa = XCBuildConfiguration;
			buildSettings = {
				ASSETCATALOG_COMPILER_APPICON_NAME = AppIcon;
				ASSETCATALOG_COMPILER_LAUNCHIMAGE_NAME = LaunchImage;
				CODE_SIGN_IDENTITY = "iPhone Developer";
				INFOPLIST_FILE = BoardCast/Info.plist;
				IPHONEOS_DEPLOYMENT_TARGET = 7.0;
				LD_RUNPATH_SEARCH_PATHS = "$(inherited) @executable_path/Frameworks";
				PRODUCT_NAME = "$(TARGET_NAME)";
				TARGETED_DEVICE_FAMILY = 2;
			};
			name = Debug;
		};
		9DBA4547195CC03700051BA9 /* Release */ = {
			isa = XCBuildConfiguration;
			buildSettings = {
				ASSETCATALOG_COMPILER_APPICON_NAME = AppIcon;
				ASSETCATALOG_COMPILER_LAUNCHIMAGE_NAME = LaunchImage;
				CODE_SIGN_IDENTITY = "iPhone Developer";
				INFOPLIST_FILE = BoardCast/Info.plist;
				IPHONEOS_DEPLOYMENT_TARGET = 7.0;
				LD_RUNPATH_SEARCH_PATHS = "$(inherited) @executable_path/Frameworks";
				PRODUCT_NAME = "$(TARGET_NAME)";
				TARGETED_DEVICE_FAMILY = 2;
			};
			name = Release;
		};
		9DBA4549195CC03700051BA9 /* Debug */ = {
			isa = XCBuildConfiguration;
			buildSettings = {
				BUNDLE_LOADER = "$(BUILT_PRODUCTS_DIR)/BoardCast.app/BoardCast";
				FRAMEWORK_SEARCH_PATHS = (
					"$(SDKROOT)/Developer/Library/Frameworks",
					"$(inherited)",
				);
				GCC_PREPROCESSOR_DEFINITIONS = (
					"DEBUG=1",
					"$(inherited)",
				);
				INFOPLIST_FILE = BoardCastTests/Info.plist;
				LD_RUNPATH_SEARCH_PATHS = "$(inherited) @executable_path/Frameworks @loader_path/Frameworks";
				METAL_ENABLE_DEBUG_INFO = YES;
				PRODUCT_NAME = "$(TARGET_NAME)";
				TEST_HOST = "$(BUNDLE_LOADER)";
			};
			name = Debug;
		};
		9DBA454A195CC03700051BA9 /* Release */ = {
			isa = XCBuildConfiguration;
			buildSettings = {
				BUNDLE_LOADER = "$(BUILT_PRODUCTS_DIR)/BoardCast.app/BoardCast";
				FRAMEWORK_SEARCH_PATHS = (
					"$(SDKROOT)/Developer/Library/Frameworks",
					"$(inherited)",
				);
				INFOPLIST_FILE = BoardCastTests/Info.plist;
				LD_RUNPATH_SEARCH_PATHS = "$(inherited) @executable_path/Frameworks @loader_path/Frameworks";
				METAL_ENABLE_DEBUG_INFO = NO;
				PRODUCT_NAME = "$(TARGET_NAME)";
				TEST_HOST = "$(BUNDLE_LOADER)";
			};
			name = Release;
		};
/* End XCBuildConfiguration section */

/* Begin XCConfigurationList section */
		9DBA4529195CC03600051BA9 /* Build configuration list for PBXProject "BoardCast" */ = {
			isa = XCConfigurationList;
			buildConfigurations = (
				9DBA4543195CC03700051BA9 /* Debug */,
				9DBA4544195CC03700051BA9 /* Release */,
			);
			defaultConfigurationIsVisible = 0;
			defaultConfigurationName = Release;
		};
		9DBA4545195CC03700051BA9 /* Build configuration list for PBXNativeTarget "BoardCast" */ = {
			isa = XCConfigurationList;
			buildConfigurations = (
				9DBA4546195CC03700051BA9 /* Debug */,
				9DBA4547195CC03700051BA9 /* Release */,
			);
			defaultConfigurationIsVisible = 0;
			defaultConfigurationName = Release;
		};
		9DBA4548195CC03700051BA9 /* Build configuration list for PBXNativeTarget "BoardCastTests" */ = {
			isa = XCConfigurationList;
			buildConfigurations = (
				9DBA4549195CC03700051BA9 /* Debug */,
				9DBA454A195CC03700051BA9 /* Release */,
			);
			defaultConfigurationIsVisible = 0;
			defaultConfigurationName = Release;
		};
/* End XCConfigurationList section */
	};
	rootObject = 9DBA4526195CC03600051BA9 /* Project object */;
}
